<Solution>
  <Folder Name="/src/" />
  <Folder Name="/src/Services/" />
  <Folder Name="/src/Services/Transactions/">
    <Project Path="src/Services/Transactions/FreeBudget.Transactions.Api/FreeBudget.Transactions.Api.csproj" />
    <Project Path="src/Services/Transactions/FreeBudget.Transactions.Application/FreeBudget.Transactions.Application.csproj" />
    <Project Path="src/Services/Transactions/FreeBudget.Transactions.Domain/FreeBudget.Transactions.Domain.csproj" />
    <Project Path="src/Services/Transactions/FreeBudget.Transactions.Infrastructure/FreeBudget.Transactions.Infrastructure.csproj" />
  </Folder>
  <Folder Name="/src/Shared/">
    <Project Path="src/Shared/FreeBudget.Common.Contracts/FreeBudget.Common.Contracts.csproj" />
    <Project Path="src/Shared/FreeBudget.Common.Infrastructure/FreeBudget.Common.Infrastructure.csproj" />
    <Project Path="src/Shared/FreeBudget.SharedKernel/FreeBudget.SharedKernel.csproj" />
  </Folder>
  <Folder Name="/tests/" />
  <Folder Name="/tests/Services/">
    <Project Path="tests/Services/FreeBudget.Transactions.Application.Tests/FreeBudget.Transactions.Application.Tests.csproj" />
    <Project Path="tests/Services/FreeBudget.Transactions.Domain.Tests/FreeBudget.Transactions.Domain.Tests.csproj" />
  </Folder>
  <Folder Name="/tests/Shared/">
    <Project Path="tests/Shared/FreeBudget.SharedKernel.Tests/FreeBudget.SharedKernel.Tests.csproj" />
  </Folder>
</Solution>
